PODS:
  - Action (3.9.1):
    - RxCocoa (~> 4.3)
    - RxSwift (~> 4.3)
  - Alamofire (4.8.0)
  - Crashlytics (3.12.0):
    - Fabric (~> 1.9.0)
  - Differentiator (3.1.0)
  - Fabric (1.9.0)
  - Kingfisher (4.10.1)
  - Localize (2.1.0)
  - lottie-ios (2.5.2)
  - MBProgressHUD (1.1.0)
  - Moya/Core (12.0.1):
    - Alamofire (~> 4.1)
    - Result (~> 4.0)
  - Moya/RxSwift (12.0.1):
    - Moya/Core
    - RxSwift (~> 4.0)
  - Realm (3.13.0):
    - Realm/Headers (= 3.13.0)
  - Realm/Headers (3.13.0)
  - RealmSwift (3.13.0):
    - Realm (= 3.13.0)
  - Result (4.0.0)
  - RxAtomic (4.4.0)
  - RxCocoa (4.4.0):
    - RxSwift (~> 4.0)
  - RxDataSources (3.1.0):
    - Differentiator (~> 3.0)
    - RxCocoa (~> 4.0)
    - RxSwift (~> 4.0)
  - RxKingfisher (0.3.1):
    - Kingfisher (~> 4)
    - RxCocoa (~> 4.3)
    - RxSwift (~> 4.3)
  - RxSwift (4.4.0):
    - RxAtomic (~> 4.4)
  - RxSwiftExt (3.4.0):
    - RxSwiftExt/Core (= 3.4.0)
    - RxSwiftExt/RxCocoa (= 3.4.0)
  - RxSwiftExt/Core (3.4.0):
    - RxSwift (~> 4.0)
  - RxSwiftExt/RxCocoa (3.4.0):
    - RxCocoa (~> 4.0)
    - RxSwiftExt/Core
  - SwiftLint (0.29.1)

DEPENDENCIES:
  - Action
  - Crashlytics
  - Fabric
  - Localize
  - lottie-ios
  - MBProgressHUD
  - Moya/RxSwift
  - RealmSwift
  - RxCocoa
  - RxDataSources
  - RxKingfisher
  - RxSwift
  - RxSwiftExt
  - SwiftLint

SPEC REPOS:
  https://github.com/cocoapods/specs.git:
    - Action
    - Alamofire
    - Crashlytics
    - Differentiator
    - Fabric
    - Kingfisher
    - Localize
    - lottie-ios
    - MBProgressHUD
    - Moya
    - Realm
    - RealmSwift
    - Result
    - RxAtomic
    - RxCocoa
    - RxDataSources
    - RxKingfisher
    - RxSwift
    - RxSwiftExt
    - SwiftLint

SPEC CHECKSUMS:
  Action: 2f461c203c480b17aa99b3bb166e4329ecff6908
  Alamofire: 3ec537f71edc9804815215393ae2b1a8ea33a844
  Crashlytics: 07fb167b1694128c1c9a5a5cc319b0e9c3ca0933
  Differentiator: be49ca3408f0ecfc761e4c7763d20c62be01b9ad
  Fabric: f988e33c97f08930a413e08123064d2e5f68d655
  Kingfisher: c148cd7b47ebde9989f6bc7c27dcaa79d81279a0
  Localize: f360a343abfac047be5b375c45be1059f5f625f3
  lottie-ios: 3fef45d3fabe63e3c7c2eb603dd64ddfffc73062
  MBProgressHUD: e7baa36a220447d8aeb12769bf0585582f3866d9
  Moya: cf730b3cd9e005401ef37a85143aa141a12fd38f
  Realm: 5edd2ee65406aef591a4f9895de5a3440e51b3d8
  RealmSwift: be5ebc7930e37cd3376b41cec7f21984528aaa16
  Result: 7645bb3f50c2ce726dd0ff2fa7b6f42bbe6c3713
  RxAtomic: eacf60db868c96bfd63320e28619fe29c179656f
  RxCocoa: df63ebf7b9a70d6b4eeea407ed5dd4efc8979749
  RxDataSources: a843bad90c29817f5923ec8163f4af2de084ceb3
  RxKingfisher: d79612e7a6cab0b67d6e9b63fc1572fccc825afb
  RxSwift: 5976ecd04fc2fefd648827c23de5e11157faa973
  RxSwiftExt: 01f8ecbeeb355698e9c75365ebe908b00dacf45d
  SwiftLint: 6772320e40b52049053a518c17db9b0634a0b45a

PODFILE CHECKSUM: 5ea5f2a03b5efbd8f2c75adacf45f953c7e371e6

COCOAPODS: 1.5.3
