// !$*UTF8*$!
{
	archiveVersion = 1;
	classes = {
	};
	objectVersion = 50;
	objects = {

/* Begin PBXBuildFile section */
		6C57400074613F26BE08658A /* Pods_starter.framework in Frameworks */ = {isa = PBXBuildFile; fileRef = 6D41FEAE7A4D7E2B408BC348 /* Pods_starter.framework */; };
		BC247A4D219099A400CF5431 /* AppDelegate.swift in Sources */ = {isa = PBXBuildFile; fileRef = BC247A4C219099A400CF5431 /* AppDelegate.swift */; };
		BC247A54219099A500CF5431 /* Assets.xcassets in Resources */ = {isa = PBXBuildFile; fileRef = BC247A53219099A500CF5431 /* Assets.xcassets */; };
		BC247A57219099A500CF5431 /* LaunchScreen.storyboard in Resources */ = {isa = PBXBuildFile; fileRef = BC247A55219099A500CF5431 /* LaunchScreen.storyboard */; };
		BC30C6982190E0010021834B /* Configuration.swift in Sources */ = {isa = PBXBuildFile; fileRef = BC30C6972190E0010021834B /* Configuration.swift */; };
		BC30C69D2190E71E0021834B /* RepositoriesController.swift in Sources */ = {isa = PBXBuildFile; fileRef = BC30C69C2190E71E0021834B /* RepositoriesController.swift */; };
		BC30C69F2190E78D0021834B /* RepositoriesViewModel.swift in Sources */ = {isa = PBXBuildFile; fileRef = BC30C69E2190E78D0021834B /* RepositoriesViewModel.swift */; };
		BC30C6A12190E7B60021834B /* RepositoriesController.storyboard in Resources */ = {isa = PBXBuildFile; fileRef = BC30C6A02190E7B60021834B /* RepositoriesController.storyboard */; };
		BC30C6A42191905E0021834B /* AppCoordinator.swift in Sources */ = {isa = PBXBuildFile; fileRef = BC30C6A32191905E0021834B /* AppCoordinator.swift */; };
		BC30C6A621919B430021834B /* RepositoriesCoordinator.swift in Sources */ = {isa = PBXBuildFile; fileRef = BC30C6A521919B430021834B /* RepositoriesCoordinator.swift */; };
		BC30C6AC21919EC30021834B /* StoryboardProtocol.swift in Sources */ = {isa = PBXBuildFile; fileRef = BC30C6AB21919EC30021834B /* StoryboardProtocol.swift */; };
		BC30C6AE2191A05B0021834B /* CoordinatorProtocol.swift in Sources */ = {isa = PBXBuildFile; fileRef = BC30C6AD2191A05B0021834B /* CoordinatorProtocol.swift */; };
		BC30C6B32191BD530021834B /* RepositoryController.storyboard in Resources */ = {isa = PBXBuildFile; fileRef = BC30C6B22191BD530021834B /* RepositoryController.storyboard */; };
		BC30C6B52191BD5A0021834B /* RepositoryController.swift in Sources */ = {isa = PBXBuildFile; fileRef = BC30C6B42191BD5A0021834B /* RepositoryController.swift */; };
		BC49D1FA21C1E7D300BD56C9 /* ThreadRunLoop.swift in Sources */ = {isa = PBXBuildFile; fileRef = BC49D1F921C1E7D300BD56C9 /* ThreadRunLoop.swift */; };
		BC49D1FC21C1E7E100BD56C9 /* RunLoopScheduler.swift in Sources */ = {isa = PBXBuildFile; fileRef = BC49D1FB21C1E7E100BD56C9 /* RunLoopScheduler.swift */; };
		BC49D1FE21C1E83D00BD56C9 /* GradientView.swift in Sources */ = {isa = PBXBuildFile; fileRef = BC49D1FD21C1E83D00BD56C9 /* GradientView.swift */; };
		BC49D20021C1E99C00BD56C9 /* Object+Rx.swift in Sources */ = {isa = PBXBuildFile; fileRef = BC49D1FF21C1E99C00BD56C9 /* Object+Rx.swift */; };
		BC49D20221C1E9D400BD56C9 /* Realm.swift in Sources */ = {isa = PBXBuildFile; fileRef = BC49D20121C1E9D300BD56C9 /* Realm.swift */; };
		BC49D21021C1EC0B00BD56C9 /* Roboto-Medium.ttf in Resources */ = {isa = PBXBuildFile; fileRef = BC49D20421C1EC0B00BD56C9 /* Roboto-Medium.ttf */; };
		BC49D21121C1EC0B00BD56C9 /* Roboto-Light.ttf in Resources */ = {isa = PBXBuildFile; fileRef = BC49D20521C1EC0B00BD56C9 /* Roboto-Light.ttf */; };
		BC49D21221C1EC0B00BD56C9 /* Roboto-Regular.ttf in Resources */ = {isa = PBXBuildFile; fileRef = BC49D20621C1EC0B00BD56C9 /* Roboto-Regular.ttf */; };
		BC49D21321C1EC0B00BD56C9 /* Roboto-MediumItalic.ttf in Resources */ = {isa = PBXBuildFile; fileRef = BC49D20721C1EC0B00BD56C9 /* Roboto-MediumItalic.ttf */; };
		BC49D21421C1EC0B00BD56C9 /* Roboto-ThinItalic.ttf in Resources */ = {isa = PBXBuildFile; fileRef = BC49D20821C1EC0B00BD56C9 /* Roboto-ThinItalic.ttf */; };
		BC49D21521C1EC0B00BD56C9 /* Roboto-BoldItalic.ttf in Resources */ = {isa = PBXBuildFile; fileRef = BC49D20921C1EC0B00BD56C9 /* Roboto-BoldItalic.ttf */; };
		BC49D21621C1EC0B00BD56C9 /* Roboto-LightItalic.ttf in Resources */ = {isa = PBXBuildFile; fileRef = BC49D20A21C1EC0B00BD56C9 /* Roboto-LightItalic.ttf */; };
		BC49D21721C1EC0B00BD56C9 /* Roboto-Italic.ttf in Resources */ = {isa = PBXBuildFile; fileRef = BC49D20B21C1EC0B00BD56C9 /* Roboto-Italic.ttf */; };
		BC49D21821C1EC0B00BD56C9 /* Roboto-BlackItalic.ttf in Resources */ = {isa = PBXBuildFile; fileRef = BC49D20C21C1EC0B00BD56C9 /* Roboto-BlackItalic.ttf */; };
		BC49D21921C1EC0B00BD56C9 /* Roboto-Bold.ttf in Resources */ = {isa = PBXBuildFile; fileRef = BC49D20D21C1EC0B00BD56C9 /* Roboto-Bold.ttf */; };
		BC49D21A21C1EC0B00BD56C9 /* Roboto-Thin.ttf in Resources */ = {isa = PBXBuildFile; fileRef = BC49D20E21C1EC0B00BD56C9 /* Roboto-Thin.ttf */; };
		BC49D21B21C1EC0B00BD56C9 /* Roboto-Black.ttf in Resources */ = {isa = PBXBuildFile; fileRef = BC49D20F21C1EC0B00BD56C9 /* Roboto-Black.ttf */; };
		BC9C9BAF2190DCD800AC87AF /* RepositoryProtocol.swift in Sources */ = {isa = PBXBuildFile; fileRef = BC9C9BAE2190DCD800AC87AF /* RepositoryProtocol.swift */; };
		BC9C9BB22190DE6300AC87AF /* Repository.swift in Sources */ = {isa = PBXBuildFile; fileRef = BC9C9BB12190DE6300AC87AF /* Repository.swift */; };
		BC9C9BB42190DE8400AC87AF /* MoyaRepository.swift in Sources */ = {isa = PBXBuildFile; fileRef = BC9C9BB32190DE8400AC87AF /* MoyaRepository.swift */; };
		BC9EA3E021924AD00096056F /* BindableProtocol.swift in Sources */ = {isa = PBXBuildFile; fileRef = BC9EA3DF21924AD00096056F /* BindableProtocol.swift */; };
		BC9EA3E321924B5B0096056F /* ViewModel.swift in Sources */ = {isa = PBXBuildFile; fileRef = BC9EA3E221924B5B0096056F /* ViewModel.swift */; };
		BC9EA3E621931D5C0096056F /* UIScrollView+Rx.swift in Sources */ = {isa = PBXBuildFile; fileRef = BC9EA3E521931D5C0096056F /* UIScrollView+Rx.swift */; };
		BC9EA3E82193711F0096056F /* ControllerAlertProtocol.swift in Sources */ = {isa = PBXBuildFile; fileRef = BC9EA3E72193711F0096056F /* ControllerAlertProtocol.swift */; };
		BC9EA3EB21937DE70096056F /* lang-en.json in Resources */ = {isa = PBXBuildFile; fileRef = BC9EA3EA21937DE70096056F /* lang-en.json */; };
		BC9EA3ED21937E350096056F /* ControllerAlertProtocol+Rx.swift in Sources */ = {isa = PBXBuildFile; fileRef = BC9EA3EC21937E350096056F /* ControllerAlertProtocol+Rx.swift */; };
		BC9EA3EF219388AA0096056F /* Action+Rx.swift in Sources */ = {isa = PBXBuildFile; fileRef = BC9EA3EE219388AA0096056F /* Action+Rx.swift */; };
		BC9EA3F1219437790096056F /* WKWebView+Rx.swift in Sources */ = {isa = PBXBuildFile; fileRef = BC9EA3F0219437790096056F /* WKWebView+Rx.swift */; };
		BC9EA3F42197BC5D0096056F /* NibViewProtocol.swift in Sources */ = {isa = PBXBuildFile; fileRef = BC9EA3F32197BC5D0096056F /* NibViewProtocol.swift */; };
		BC9EA3F6219831760096056F /* NibView.swift in Sources */ = {isa = PBXBuildFile; fileRef = BC9EA3F5219831760096056F /* NibView.swift */; };
		BC9EA3F82198334E0096056F /* DismissButton.swift in Sources */ = {isa = PBXBuildFile; fileRef = BC9EA3F72198334E0096056F /* DismissButton.swift */; };
		BC9EA3FA2198335C0096056F /* DismissButton.xib in Resources */ = {isa = PBXBuildFile; fileRef = BC9EA3F92198335C0096056F /* DismissButton.xib */; };
		BC9EA3FD219871600096056F /* DismissButtonDelegate.swift in Sources */ = {isa = PBXBuildFile; fileRef = BC9EA3FC219871600096056F /* DismissButtonDelegate.swift */; };
		BC9EA3FF219989AE0096056F /* Observable.swift in Sources */ = {isa = PBXBuildFile; fileRef = BC9EA3FE219989AE0096056F /* Observable.swift */; };
		BC9EA40121998AAC0096056F /* RealmRepository.swift in Sources */ = {isa = PBXBuildFile; fileRef = BC9EA40021998AAC0096056F /* RealmRepository.swift */; };
		BC9EA4032199C6840096056F /* Realm+Rx.swift in Sources */ = {isa = PBXBuildFile; fileRef = BC9EA4022199C6840096056F /* Realm+Rx.swift */; };
		BC9EA4062199D5520096056F /* CachedRepository.swift in Sources */ = {isa = PBXBuildFile; fileRef = BC9EA4052199D5520096056F /* CachedRepository.swift */; };
		BC9EA4082199F42A0096056F /* NetworkActivityPlugin.swift in Sources */ = {isa = PBXBuildFile; fileRef = BC9EA4072199F42A0096056F /* NetworkActivityPlugin.swift */; };
		BC9EA40A2199F5470096056F /* DefaultAlamofireManager.swift in Sources */ = {isa = PBXBuildFile; fileRef = BC9EA4092199F5470096056F /* DefaultAlamofireManager.swift */; };
		BCDFA4122191CAA5007FB6AE /* RepositoriesControllerDelegate.swift in Sources */ = {isa = PBXBuildFile; fileRef = BCDFA4112191CAA5007FB6AE /* RepositoriesControllerDelegate.swift */; };
		BCDFA41421920951007FB6AE /* RepositoryControllerDelegate.swift in Sources */ = {isa = PBXBuildFile; fileRef = BCDFA41321920951007FB6AE /* RepositoryControllerDelegate.swift */; };
		BCDFA41621920FAA007FB6AE /* RepositoryViewModel.swift in Sources */ = {isa = PBXBuildFile; fileRef = BCDFA41521920FAA007FB6AE /* RepositoryViewModel.swift */; };
		BCDFA4182192168F007FB6AE /* RepositoriesCoordinatorDelegate.swift in Sources */ = {isa = PBXBuildFile; fileRef = BCDFA4172192168F007FB6AE /* RepositoriesCoordinatorDelegate.swift */; };
/* End PBXBuildFile section */

/* Begin PBXFileReference section */
		1099E12A0F64FC50C7A72D60 /* Pods-starter.release.xcconfig */ = {isa = PBXFileReference; includeInIndex = 1; lastKnownFileType = text.xcconfig; name = "Pods-starter.release.xcconfig"; path = "Pods/Target Support Files/Pods-starter/Pods-starter.release.xcconfig"; sourceTree = "<group>"; };
		28B0CDACB95E5252100D676C /* Pods-starter.debug.xcconfig */ = {isa = PBXFileReference; includeInIndex = 1; lastKnownFileType = text.xcconfig; name = "Pods-starter.debug.xcconfig"; path = "Pods/Target Support Files/Pods-starter/Pods-starter.debug.xcconfig"; sourceTree = "<group>"; };
		6D41FEAE7A4D7E2B408BC348 /* Pods_starter.framework */ = {isa = PBXFileReference; explicitFileType = wrapper.framework; includeInIndex = 0; path = Pods_starter.framework; sourceTree = BUILT_PRODUCTS_DIR; };
		BC247A49219099A400CF5431 /* starter.app */ = {isa = PBXFileReference; explicitFileType = wrapper.application; includeInIndex = 0; path = starter.app; sourceTree = BUILT_PRODUCTS_DIR; };
		BC247A4C219099A400CF5431 /* AppDelegate.swift */ = {isa = PBXFileReference; lastKnownFileType = sourcecode.swift; path = AppDelegate.swift; sourceTree = "<group>"; };
		BC247A53219099A500CF5431 /* Assets.xcassets */ = {isa = PBXFileReference; lastKnownFileType = folder.assetcatalog; path = Assets.xcassets; sourceTree = "<group>"; };
		BC247A56219099A500CF5431 /* Base */ = {isa = PBXFileReference; lastKnownFileType = file.storyboard; name = Base; path = Base.lproj/LaunchScreen.storyboard; sourceTree = "<group>"; };
		BC247A58219099A500CF5431 /* Info.plist */ = {isa = PBXFileReference; lastKnownFileType = text.plist.xml; path = Info.plist; sourceTree = "<group>"; };
		BC30C6972190E0010021834B /* Configuration.swift */ = {isa = PBXFileReference; lastKnownFileType = sourcecode.swift; path = Configuration.swift; sourceTree = "<group>"; };
		BC30C69C2190E71E0021834B /* RepositoriesController.swift */ = {isa = PBXFileReference; lastKnownFileType = sourcecode.swift; path = RepositoriesController.swift; sourceTree = "<group>"; };
		BC30C69E2190E78D0021834B /* RepositoriesViewModel.swift */ = {isa = PBXFileReference; lastKnownFileType = sourcecode.swift; path = RepositoriesViewModel.swift; sourceTree = "<group>"; };
		BC30C6A02190E7B60021834B /* RepositoriesController.storyboard */ = {isa = PBXFileReference; lastKnownFileType = file.storyboard; path = RepositoriesController.storyboard; sourceTree = "<group>"; };
		BC30C6A32191905E0021834B /* AppCoordinator.swift */ = {isa = PBXFileReference; lastKnownFileType = sourcecode.swift; path = AppCoordinator.swift; sourceTree = "<group>"; };
		BC30C6A521919B430021834B /* RepositoriesCoordinator.swift */ = {isa = PBXFileReference; lastKnownFileType = sourcecode.swift; path = RepositoriesCoordinator.swift; sourceTree = "<group>"; };
		BC30C6AB21919EC30021834B /* StoryboardProtocol.swift */ = {isa = PBXFileReference; lastKnownFileType = sourcecode.swift; path = StoryboardProtocol.swift; sourceTree = "<group>"; };
		BC30C6AD2191A05B0021834B /* CoordinatorProtocol.swift */ = {isa = PBXFileReference; lastKnownFileType = sourcecode.swift; path = CoordinatorProtocol.swift; sourceTree = "<group>"; };
		BC30C6B22191BD530021834B /* RepositoryController.storyboard */ = {isa = PBXFileReference; lastKnownFileType = file.storyboard; path = RepositoryController.storyboard; sourceTree = "<group>"; };
		BC30C6B42191BD5A0021834B /* RepositoryController.swift */ = {isa = PBXFileReference; lastKnownFileType = sourcecode.swift; path = RepositoryController.swift; sourceTree = "<group>"; };
		BC49D1F921C1E7D300BD56C9 /* ThreadRunLoop.swift */ = {isa = PBXFileReference; lastKnownFileType = sourcecode.swift; path = ThreadRunLoop.swift; sourceTree = "<group>"; };
		BC49D1FB21C1E7E100BD56C9 /* RunLoopScheduler.swift */ = {isa = PBXFileReference; lastKnownFileType = sourcecode.swift; path = RunLoopScheduler.swift; sourceTree = "<group>"; };
		BC49D1FD21C1E83D00BD56C9 /* GradientView.swift */ = {isa = PBXFileReference; lastKnownFileType = sourcecode.swift; path = GradientView.swift; sourceTree = "<group>"; };
		BC49D1FF21C1E99C00BD56C9 /* Object+Rx.swift */ = {isa = PBXFileReference; lastKnownFileType = sourcecode.swift; path = "Object+Rx.swift"; sourceTree = "<group>"; };
		BC49D20121C1E9D300BD56C9 /* Realm.swift */ = {isa = PBXFileReference; lastKnownFileType = sourcecode.swift; path = Realm.swift; sourceTree = "<group>"; };
		BC49D20421C1EC0B00BD56C9 /* Roboto-Medium.ttf */ = {isa = PBXFileReference; lastKnownFileType = file; path = "Roboto-Medium.ttf"; sourceTree = "<group>"; };
		BC49D20521C1EC0B00BD56C9 /* Roboto-Light.ttf */ = {isa = PBXFileReference; lastKnownFileType = file; path = "Roboto-Light.ttf"; sourceTree = "<group>"; };
		BC49D20621C1EC0B00BD56C9 /* Roboto-Regular.ttf */ = {isa = PBXFileReference; lastKnownFileType = file; path = "Roboto-Regular.ttf"; sourceTree = "<group>"; };
		BC49D20721C1EC0B00BD56C9 /* Roboto-MediumItalic.ttf */ = {isa = PBXFileReference; lastKnownFileType = file; path = "Roboto-MediumItalic.ttf"; sourceTree = "<group>"; };
		BC49D20821C1EC0B00BD56C9 /* Roboto-ThinItalic.ttf */ = {isa = PBXFileReference; lastKnownFileType = file; path = "Roboto-ThinItalic.ttf"; sourceTree = "<group>"; };
		BC49D20921C1EC0B00BD56C9 /* Roboto-BoldItalic.ttf */ = {isa = PBXFileReference; lastKnownFileType = file; path = "Roboto-BoldItalic.ttf"; sourceTree = "<group>"; };
		BC49D20A21C1EC0B00BD56C9 /* Roboto-LightItalic.ttf */ = {isa = PBXFileReference; lastKnownFileType = file; path = "Roboto-LightItalic.ttf"; sourceTree = "<group>"; };
		BC49D20B21C1EC0B00BD56C9 /* Roboto-Italic.ttf */ = {isa = PBXFileReference; lastKnownFileType = file; path = "Roboto-Italic.ttf"; sourceTree = "<group>"; };
		BC49D20C21C1EC0B00BD56C9 /* Roboto-BlackItalic.ttf */ = {isa = PBXFileReference; lastKnownFileType = file; path = "Roboto-BlackItalic.ttf"; sourceTree = "<group>"; };
		BC49D20D21C1EC0B00BD56C9 /* Roboto-Bold.ttf */ = {isa = PBXFileReference; lastKnownFileType = file; path = "Roboto-Bold.ttf"; sourceTree = "<group>"; };
		BC49D20E21C1EC0B00BD56C9 /* Roboto-Thin.ttf */ = {isa = PBXFileReference; lastKnownFileType = file; path = "Roboto-Thin.ttf"; sourceTree = "<group>"; };
		BC49D20F21C1EC0B00BD56C9 /* Roboto-Black.ttf */ = {isa = PBXFileReference; lastKnownFileType = file; path = "Roboto-Black.ttf"; sourceTree = "<group>"; };
		BC9C9BAE2190DCD800AC87AF /* RepositoryProtocol.swift */ = {isa = PBXFileReference; lastKnownFileType = sourcecode.swift; path = RepositoryProtocol.swift; sourceTree = "<group>"; };
		BC9C9BB12190DE6300AC87AF /* Repository.swift */ = {isa = PBXFileReference; lastKnownFileType = sourcecode.swift; path = Repository.swift; sourceTree = "<group>"; };
		BC9C9BB32190DE8400AC87AF /* MoyaRepository.swift */ = {isa = PBXFileReference; lastKnownFileType = sourcecode.swift; path = MoyaRepository.swift; sourceTree = "<group>"; };
		BC9EA3DF21924AD00096056F /* BindableProtocol.swift */ = {isa = PBXFileReference; lastKnownFileType = sourcecode.swift; path = BindableProtocol.swift; sourceTree = "<group>"; };
		BC9EA3E221924B5B0096056F /* ViewModel.swift */ = {isa = PBXFileReference; lastKnownFileType = sourcecode.swift; path = ViewModel.swift; sourceTree = "<group>"; };
		BC9EA3E521931D5C0096056F /* UIScrollView+Rx.swift */ = {isa = PBXFileReference; lastKnownFileType = sourcecode.swift; path = "UIScrollView+Rx.swift"; sourceTree = "<group>"; };
		BC9EA3E72193711F0096056F /* ControllerAlertProtocol.swift */ = {isa = PBXFileReference; lastKnownFileType = sourcecode.swift; path = ControllerAlertProtocol.swift; sourceTree = "<group>"; };
		BC9EA3EA21937DE70096056F /* lang-en.json */ = {isa = PBXFileReference; fileEncoding = 4; lastKnownFileType = text.json; path = "lang-en.json"; sourceTree = "<group>"; };
		BC9EA3EC21937E350096056F /* ControllerAlertProtocol+Rx.swift */ = {isa = PBXFileReference; lastKnownFileType = sourcecode.swift; path = "ControllerAlertProtocol+Rx.swift"; sourceTree = "<group>"; };
		BC9EA3EE219388AA0096056F /* Action+Rx.swift */ = {isa = PBXFileReference; lastKnownFileType = sourcecode.swift; path = "Action+Rx.swift"; sourceTree = "<group>"; };
		BC9EA3F0219437790096056F /* WKWebView+Rx.swift */ = {isa = PBXFileReference; lastKnownFileType = sourcecode.swift; path = "WKWebView+Rx.swift"; sourceTree = "<group>"; };
		BC9EA3F32197BC5D0096056F /* NibViewProtocol.swift */ = {isa = PBXFileReference; lastKnownFileType = sourcecode.swift; path = NibViewProtocol.swift; sourceTree = "<group>"; };
		BC9EA3F5219831760096056F /* NibView.swift */ = {isa = PBXFileReference; lastKnownFileType = sourcecode.swift; path = NibView.swift; sourceTree = "<group>"; };
		BC9EA3F72198334E0096056F /* DismissButton.swift */ = {isa = PBXFileReference; lastKnownFileType = sourcecode.swift; path = DismissButton.swift; sourceTree = "<group>"; };
		BC9EA3F92198335C0096056F /* DismissButton.xib */ = {isa = PBXFileReference; lastKnownFileType = file.xib; path = DismissButton.xib; sourceTree = "<group>"; };
		BC9EA3FC219871600096056F /* DismissButtonDelegate.swift */ = {isa = PBXFileReference; lastKnownFileType = sourcecode.swift; path = DismissButtonDelegate.swift; sourceTree = "<group>"; };
		BC9EA3FE219989AE0096056F /* Observable.swift */ = {isa = PBXFileReference; lastKnownFileType = sourcecode.swift; path = Observable.swift; sourceTree = "<group>"; };
		BC9EA40021998AAC0096056F /* RealmRepository.swift */ = {isa = PBXFileReference; lastKnownFileType = sourcecode.swift; path = RealmRepository.swift; sourceTree = "<group>"; };
		BC9EA4022199C6840096056F /* Realm+Rx.swift */ = {isa = PBXFileReference; lastKnownFileType = sourcecode.swift; path = "Realm+Rx.swift"; sourceTree = "<group>"; };
		BC9EA4052199D5520096056F /* CachedRepository.swift */ = {isa = PBXFileReference; lastKnownFileType = sourcecode.swift; path = CachedRepository.swift; sourceTree = "<group>"; };
		BC9EA4072199F42A0096056F /* NetworkActivityPlugin.swift */ = {isa = PBXFileReference; lastKnownFileType = sourcecode.swift; path = NetworkActivityPlugin.swift; sourceTree = "<group>"; };
		BC9EA4092199F5470096056F /* DefaultAlamofireManager.swift */ = {isa = PBXFileReference; lastKnownFileType = sourcecode.swift; path = DefaultAlamofireManager.swift; sourceTree = "<group>"; };
		BCDFA4112191CAA5007FB6AE /* RepositoriesControllerDelegate.swift */ = {isa = PBXFileReference; lastKnownFileType = sourcecode.swift; path = RepositoriesControllerDelegate.swift; sourceTree = "<group>"; };
		BCDFA41321920951007FB6AE /* RepositoryControllerDelegate.swift */ = {isa = PBXFileReference; lastKnownFileType = sourcecode.swift; path = RepositoryControllerDelegate.swift; sourceTree = "<group>"; };
		BCDFA41521920FAA007FB6AE /* RepositoryViewModel.swift */ = {isa = PBXFileReference; lastKnownFileType = sourcecode.swift; path = RepositoryViewModel.swift; sourceTree = "<group>"; };
		BCDFA4172192168F007FB6AE /* RepositoriesCoordinatorDelegate.swift */ = {isa = PBXFileReference; lastKnownFileType = sourcecode.swift; path = RepositoriesCoordinatorDelegate.swift; sourceTree = "<group>"; };
/* End PBXFileReference section */

/* Begin PBXFrameworksBuildPhase section */
		BC247A46219099A400CF5431 /* Frameworks */ = {
			isa = PBXFrameworksBuildPhase;
			buildActionMask = 2147483647;
			files = (
				6C57400074613F26BE08658A /* Pods_starter.framework in Frameworks */,
			);
			runOnlyForDeploymentPostprocessing = 0;
		};
/* End PBXFrameworksBuildPhase section */

/* Begin PBXGroup section */
		695B40C59EA9DE5000960CC7 /* Frameworks */ = {
			isa = PBXGroup;
			children = (
				6D41FEAE7A4D7E2B408BC348 /* Pods_starter.framework */,
			);
			name = Frameworks;
			sourceTree = "<group>";
		};
		BC247A40219099A400CF5431 = {
			isa = PBXGroup;
			children = (
				BC247A4B219099A400CF5431 /* starter */,
				BC247A4A219099A400CF5431 /* Products */,
				E05742F7EA7FE6A74CF8BA21 /* Pods */,
				695B40C59EA9DE5000960CC7 /* Frameworks */,
			);
			sourceTree = "<group>";
		};
		BC247A4A219099A400CF5431 /* Products */ = {
			isa = PBXGroup;
			children = (
				BC247A49219099A400CF5431 /* starter.app */,
			);
			name = Products;
			sourceTree = "<group>";
		};
		BC247A4B219099A400CF5431 /* starter */ = {
			isa = PBXGroup;
			children = (
				BC247A822190A69A00CF5431 /* src */,
				BC247A5F2190A68F00CF5431 /* static */,
				BC247A4C219099A400CF5431 /* AppDelegate.swift */,
				BC30C6972190E0010021834B /* Configuration.swift */,
				BC247A53219099A500CF5431 /* Assets.xcassets */,
				BC247A55219099A500CF5431 /* LaunchScreen.storyboard */,
				BC247A58219099A500CF5431 /* Info.plist */,
			);
			path = starter;
			sourceTree = "<group>";
		};
		BC247A5F2190A68F00CF5431 /* static */ = {
			isa = PBXGroup;
			children = (
				BC9EA3E921937DE70096056F /* localization */,
				BC247A602190A68F00CF5431 /* font */,
			);
			path = static;
			sourceTree = "<group>";
		};
		BC247A602190A68F00CF5431 /* font */ = {
			isa = PBXGroup;
			children = (
				BC49D20321C1EC0B00BD56C9 /* roboto */,
			);
			path = font;
			sourceTree = "<group>";
		};
		BC247A822190A69A00CF5431 /* src */ = {
			isa = PBXGroup;
			children = (
				BC9EA3E121924B4A0096056F /* shared */,
				BC30C69A2190E6FF0021834B /* ui */,
			);
			path = src;
			sourceTree = "<group>";
		};
		BC30C69A2190E6FF0021834B /* ui */ = {
			isa = PBXGroup;
			children = (
				BC30C6A2219190520021834B /* app */,
				BC30C69B2190E6FF0021834B /* repositories */,
				BC30C6B12191BD350021834B /* repository */,
			);
			path = ui;
			sourceTree = "<group>";
		};
		BC30C69B2190E6FF0021834B /* repositories */ = {
			isa = PBXGroup;
			children = (
				BC30C6A02190E7B60021834B /* RepositoriesController.storyboard */,
				BC30C69C2190E71E0021834B /* RepositoriesController.swift */,
				BCDFA4112191CAA5007FB6AE /* RepositoriesControllerDelegate.swift */,
				BC30C69E2190E78D0021834B /* RepositoriesViewModel.swift */,
				BC30C6A521919B430021834B /* RepositoriesCoordinator.swift */,
				BCDFA4172192168F007FB6AE /* RepositoriesCoordinatorDelegate.swift */,
			);
			path = repositories;
			sourceTree = "<group>";
		};
		BC30C6A2219190520021834B /* app */ = {
			isa = PBXGroup;
			children = (
				BC30C6A32191905E0021834B /* AppCoordinator.swift */,
			);
			path = app;
			sourceTree = "<group>";
		};
		BC30C6A721919DEC0021834B /* extension */ = {
			isa = PBXGroup;
			children = (
				BC9EA4042199C6B60096056F /* Rx */,
				BC9EA3FE219989AE0096056F /* Observable.swift */,
				BC9EA4072199F42A0096056F /* NetworkActivityPlugin.swift */,
				BC49D20121C1E9D300BD56C9 /* Realm.swift */,
			);
			path = extension;
			sourceTree = "<group>";
		};
		BC30C6AA21919E740021834B /* protocol */ = {
			isa = PBXGroup;
			children = (
				BC30C6AB21919EC30021834B /* StoryboardProtocol.swift */,
				BC30C6AD2191A05B0021834B /* CoordinatorProtocol.swift */,
				BC9EA3DF21924AD00096056F /* BindableProtocol.swift */,
				BC9EA3E72193711F0096056F /* ControllerAlertProtocol.swift */,
				BC9EA3F32197BC5D0096056F /* NibViewProtocol.swift */,
			);
			path = protocol;
			sourceTree = "<group>";
		};
		BC30C6B12191BD350021834B /* repository */ = {
			isa = PBXGroup;
			children = (
				BC30C6B22191BD530021834B /* RepositoryController.storyboard */,
				BC30C6B42191BD5A0021834B /* RepositoryController.swift */,
				BCDFA41521920FAA007FB6AE /* RepositoryViewModel.swift */,
				BCDFA41321920951007FB6AE /* RepositoryControllerDelegate.swift */,
			);
			path = repository;
			sourceTree = "<group>";
		};
		BC49D1F821C1E7A900BD56C9 /* core */ = {
			isa = PBXGroup;
			children = (
				BC49D1F921C1E7D300BD56C9 /* ThreadRunLoop.swift */,
				BC49D1FB21C1E7E100BD56C9 /* RunLoopScheduler.swift */,
			);
			path = core;
			sourceTree = "<group>";
		};
		BC49D20321C1EC0B00BD56C9 /* roboto */ = {
			isa = PBXGroup;
			children = (
				BC49D20421C1EC0B00BD56C9 /* Roboto-Medium.ttf */,
				BC49D20521C1EC0B00BD56C9 /* Roboto-Light.ttf */,
				BC49D20621C1EC0B00BD56C9 /* Roboto-Regular.ttf */,
				BC49D20721C1EC0B00BD56C9 /* Roboto-MediumItalic.ttf */,
				BC49D20821C1EC0B00BD56C9 /* Roboto-ThinItalic.ttf */,
				BC49D20921C1EC0B00BD56C9 /* Roboto-BoldItalic.ttf */,
				BC49D20A21C1EC0B00BD56C9 /* Roboto-LightItalic.ttf */,
				BC49D20B21C1EC0B00BD56C9 /* Roboto-Italic.ttf */,
				BC49D20C21C1EC0B00BD56C9 /* Roboto-BlackItalic.ttf */,
				BC49D20D21C1EC0B00BD56C9 /* Roboto-Bold.ttf */,
				BC49D20E21C1EC0B00BD56C9 /* Roboto-Thin.ttf */,
				BC49D20F21C1EC0B00BD56C9 /* Roboto-Black.ttf */,
			);
			path = roboto;
			sourceTree = "<group>";
		};
		BC9C9BAC2190DAEE00AC87AF /* repository */ = {
			isa = PBXGroup;
			children = (
				BC9EA4092199F5470096056F /* DefaultAlamofireManager.swift */,
				BC9C9BAD2190DCCE00AC87AF /* repository */,
			);
			path = repository;
			sourceTree = "<group>";
		};
		BC9C9BAD2190DCCE00AC87AF /* repository */ = {
			isa = PBXGroup;
			children = (
				BC9C9BAE2190DCD800AC87AF /* RepositoryProtocol.swift */,
				BC9EA4052199D5520096056F /* CachedRepository.swift */,
				BC9EA40021998AAC0096056F /* RealmRepository.swift */,
				BC9C9BB32190DE8400AC87AF /* MoyaRepository.swift */,
			);
			path = repository;
			sourceTree = "<group>";
		};
		BC9C9BB02190DD8700AC87AF /* model */ = {
			isa = PBXGroup;
			children = (
				BC9C9BB12190DE6300AC87AF /* Repository.swift */,
			);
			path = model;
			sourceTree = "<group>";
		};
		BC9EA3E121924B4A0096056F /* shared */ = {
			isa = PBXGroup;
			children = (
				BC49D1F821C1E7A900BD56C9 /* core */,
				BC9EA3F22197BC230096056F /* view */,
				BC9EA3E421924BB00096056F /* viewmodel */,
				BC9C9BAC2190DAEE00AC87AF /* repository */,
				BC9C9BB02190DD8700AC87AF /* model */,
				BC30C6AA21919E740021834B /* protocol */,
				BC30C6A721919DEC0021834B /* extension */,
			);
			path = shared;
			sourceTree = "<group>";
		};
		BC9EA3E421924BB00096056F /* viewmodel */ = {
			isa = PBXGroup;
			children = (
				BC9EA3E221924B5B0096056F /* ViewModel.swift */,
			);
			path = viewmodel;
			sourceTree = "<group>";
		};
		BC9EA3E921937DE70096056F /* localization */ = {
			isa = PBXGroup;
			children = (
				BC9EA3EA21937DE70096056F /* lang-en.json */,
			);
			path = localization;
			sourceTree = "<group>";
		};
		BC9EA3F22197BC230096056F /* view */ = {
			isa = PBXGroup;
			children = (
				BC9EA3F5219831760096056F /* NibView.swift */,
				BC49D1FD21C1E83D00BD56C9 /* GradientView.swift */,
				BC9EA3FB219833630096056F /* DismissButton */,
			);
			path = view;
			sourceTree = "<group>";
		};
		BC9EA3FB219833630096056F /* DismissButton */ = {
			isa = PBXGroup;
			children = (
				BC9EA3F72198334E0096056F /* DismissButton.swift */,
				BC9EA3FC219871600096056F /* DismissButtonDelegate.swift */,
				BC9EA3F92198335C0096056F /* DismissButton.xib */,
			);
			path = DismissButton;
			sourceTree = "<group>";
		};
		BC9EA4042199C6B60096056F /* Rx */ = {
			isa = PBXGroup;
			children = (
				BC9EA3E521931D5C0096056F /* UIScrollView+Rx.swift */,
				BC9EA3EC21937E350096056F /* ControllerAlertProtocol+Rx.swift */,
				BC9EA3EE219388AA0096056F /* Action+Rx.swift */,
				BC9EA3F0219437790096056F /* WKWebView+Rx.swift */,
				BC9EA4022199C6840096056F /* Realm+Rx.swift */,
				BC49D1FF21C1E99C00BD56C9 /* Object+Rx.swift */,
			);
			path = Rx;
			sourceTree = "<group>";
		};
		E05742F7EA7FE6A74CF8BA21 /* Pods */ = {
			isa = PBXGroup;
			children = (
				28B0CDACB95E5252100D676C /* Pods-starter.debug.xcconfig */,
				1099E12A0F64FC50C7A72D60 /* Pods-starter.release.xcconfig */,
			);
			name = Pods;
			sourceTree = "<group>";
		};
/* End PBXGroup section */

/* Begin PBXNativeTarget section */
		BC247A48219099A400CF5431 /* starter */ = {
			isa = PBXNativeTarget;
			buildConfigurationList = BC247A5B219099A500CF5431 /* Build configuration list for PBXNativeTarget "starter" */;
			buildPhases = (
				9EB1330A302F0B0B554EA947 /* [CP] Check Pods Manifest.lock */,
				BC247A45219099A400CF5431 /* Sources */,
				BC247A46219099A400CF5431 /* Frameworks */,
				BC247A47219099A400CF5431 /* Resources */,
				21A62381484932CE15321AC5 /* [CP] Embed Pods Frameworks */,
				BC247A5E2190A5D200CF5431 /* Fonts */,
				BC87449A2190A9CD0076B129 /* Linter */,
				BC87449B2190AA7B0076B129 /* Fabric */,
			);
			buildRules = (
			);
			dependencies = (
			);
			name = starter;
			productName = starter;
			productReference = BC247A49219099A400CF5431 /* starter.app */;
			productType = "com.apple.product-type.application";
		};
/* End PBXNativeTarget section */

/* Begin PBXProject section */
		BC247A41219099A400CF5431 /* Project object */ = {
			isa = PBXProject;
			attributes = {
				LastSwiftUpdateCheck = 1010;
				LastUpgradeCheck = 1010;
				ORGANIZATIONNAME = "Adam Zikmund";
				TargetAttributes = {
					BC247A48219099A400CF5431 = {
						CreatedOnToolsVersion = 10.1;
					};
				};
			};
			buildConfigurationList = BC247A44219099A400CF5431 /* Build configuration list for PBXProject "starter" */;
			compatibilityVersion = "Xcode 9.3";
			developmentRegion = en;
			hasScannedForEncodings = 0;
			knownRegions = (
				en,
				Base,
			);
			mainGroup = BC247A40219099A400CF5431;
			productRefGroup = BC247A4A219099A400CF5431 /* Products */;
			projectDirPath = "";
			projectRoot = "";
			targets = (
				BC247A48219099A400CF5431 /* starter */,
			);
		};
/* End PBXProject section */

/* Begin PBXResourcesBuildPhase section */
		BC247A47219099A400CF5431 /* Resources */ = {
			isa = PBXResourcesBuildPhase;
			buildActionMask = 2147483647;
			files = (
				BC247A57219099A500CF5431 /* LaunchScreen.storyboard in Resources */,
				BC247A54219099A500CF5431 /* Assets.xcassets in Resources */,
				BC49D21A21C1EC0B00BD56C9 /* Roboto-Thin.ttf in Resources */,
				BC9EA3EB21937DE70096056F /* lang-en.json in Resources */,
				BC49D21421C1EC0B00BD56C9 /* Roboto-ThinItalic.ttf in Resources */,
				BC49D21B21C1EC0B00BD56C9 /* Roboto-Black.ttf in Resources */,
				BC49D21621C1EC0B00BD56C9 /* Roboto-LightItalic.ttf in Resources */,
				BC49D21021C1EC0B00BD56C9 /* Roboto-Medium.ttf in Resources */,
				BC9EA3FA2198335C0096056F /* DismissButton.xib in Resources */,
				BC49D21821C1EC0B00BD56C9 /* Roboto-BlackItalic.ttf in Resources */,
				BC49D21521C1EC0B00BD56C9 /* Roboto-BoldItalic.ttf in Resources */,
				BC30C6B32191BD530021834B /* RepositoryController.storyboard in Resources */,
				BC49D21321C1EC0B00BD56C9 /* Roboto-MediumItalic.ttf in Resources */,
				BC49D21221C1EC0B00BD56C9 /* Roboto-Regular.ttf in Resources */,
				BC49D21721C1EC0B00BD56C9 /* Roboto-Italic.ttf in Resources */,
				BC49D21121C1EC0B00BD56C9 /* Roboto-Light.ttf in Resources */,
				BC49D21921C1EC0B00BD56C9 /* Roboto-Bold.ttf in Resources */,
				BC30C6A12190E7B60021834B /* RepositoriesController.storyboard in Resources */,
			);
			runOnlyForDeploymentPostprocessing = 0;
		};
/* End PBXResourcesBuildPhase section */

/* Begin PBXShellScriptBuildPhase section */
		21A62381484932CE15321AC5 /* [CP] Embed Pods Frameworks */ = {
			isa = PBXShellScriptBuildPhase;
			buildActionMask = 2147483647;
			files = (
			);
			inputFileListPaths = (
			);
			inputPaths = (
				"${SRCROOT}/Pods/Target Support Files/Pods-starter/Pods-starter-frameworks.sh",
				"${BUILT_PRODUCTS_DIR}/Action/Action.framework",
				"${BUILT_PRODUCTS_DIR}/Alamofire/Alamofire.framework",
				"${BUILT_PRODUCTS_DIR}/Differentiator/Differentiator.framework",
				"${BUILT_PRODUCTS_DIR}/Kingfisher/Kingfisher.framework",
				"${BUILT_PRODUCTS_DIR}/Localize/Localize.framework",
				"${BUILT_PRODUCTS_DIR}/MBProgressHUD/MBProgressHUD.framework",
				"${BUILT_PRODUCTS_DIR}/Moya/Moya.framework",
				"${BUILT_PRODUCTS_DIR}/Realm/Realm.framework",
				"${BUILT_PRODUCTS_DIR}/RealmSwift/RealmSwift.framework",
				"${BUILT_PRODUCTS_DIR}/Result/Result.framework",
				"${BUILT_PRODUCTS_DIR}/RxAtomic/RxAtomic.framework",
				"${BUILT_PRODUCTS_DIR}/RxCocoa/RxCocoa.framework",
				"${BUILT_PRODUCTS_DIR}/RxDataSources/RxDataSources.framework",
				"${BUILT_PRODUCTS_DIR}/RxKingfisher/RxKingfisher.framework",
				"${BUILT_PRODUCTS_DIR}/RxSwift/RxSwift.framework",
				"${BUILT_PRODUCTS_DIR}/RxSwiftExt/RxSwiftExt.framework",
				"${BUILT_PRODUCTS_DIR}/lottie-ios/Lottie.framework",
			);
			name = "[CP] Embed Pods Frameworks";
			outputFileListPaths = (
			);
			outputPaths = (
				"${TARGET_BUILD_DIR}/${FRAMEWORKS_FOLDER_PATH}/Action.framework",
				"${TARGET_BUILD_DIR}/${FRAMEWORKS_FOLDER_PATH}/Alamofire.framework",
				"${TARGET_BUILD_DIR}/${FRAMEWORKS_FOLDER_PATH}/Differentiator.framework",
				"${TARGET_BUILD_DIR}/${FRAMEWORKS_FOLDER_PATH}/Kingfisher.framework",
				"${TARGET_BUILD_DIR}/${FRAMEWORKS_FOLDER_PATH}/Localize.framework",
				"${TARGET_BUILD_DIR}/${FRAMEWORKS_FOLDER_PATH}/MBProgressHUD.framework",
				"${TARGET_BUILD_DIR}/${FRAMEWORKS_FOLDER_PATH}/Moya.framework",
				"${TARGET_BUILD_DIR}/${FRAMEWORKS_FOLDER_PATH}/Realm.framework",
				"${TARGET_BUILD_DIR}/${FRAMEWORKS_FOLDER_PATH}/RealmSwift.framework",
				"${TARGET_BUILD_DIR}/${FRAMEWORKS_FOLDER_PATH}/Result.framework",
				"${TARGET_BUILD_DIR}/${FRAMEWORKS_FOLDER_PATH}/RxAtomic.framework",
				"${TARGET_BUILD_DIR}/${FRAMEWORKS_FOLDER_PATH}/RxCocoa.framework",
				"${TARGET_BUILD_DIR}/${FRAMEWORKS_FOLDER_PATH}/RxDataSources.framework",
				"${TARGET_BUILD_DIR}/${FRAMEWORKS_FOLDER_PATH}/RxKingfisher.framework",
				"${TARGET_BUILD_DIR}/${FRAMEWORKS_FOLDER_PATH}/RxSwift.framework",
				"${TARGET_BUILD_DIR}/${FRAMEWORKS_FOLDER_PATH}/RxSwiftExt.framework",
				"${TARGET_BUILD_DIR}/${FRAMEWORKS_FOLDER_PATH}/Lottie.framework",
			);
			runOnlyForDeploymentPostprocessing = 0;
			shellPath = /bin/sh;
			shellScript = "\"${SRCROOT}/Pods/Target Support Files/Pods-starter/Pods-starter-frameworks.sh\"\n";
			showEnvVarsInLog = 0;
		};
		9EB1330A302F0B0B554EA947 /* [CP] Check Pods Manifest.lock */ = {
			isa = PBXShellScriptBuildPhase;
			buildActionMask = 2147483647;
			files = (
			);
			inputFileListPaths = (
			);
			inputPaths = (
				"${PODS_PODFILE_DIR_PATH}/Podfile.lock",
				"${PODS_ROOT}/Manifest.lock",
			);
			name = "[CP] Check Pods Manifest.lock";
			outputFileListPaths = (
			);
			outputPaths = (
				"$(DERIVED_FILE_DIR)/Pods-starter-checkManifestLockResult.txt",
			);
			runOnlyForDeploymentPostprocessing = 0;
			shellPath = /bin/sh;
			shellScript = "diff \"${PODS_PODFILE_DIR_PATH}/Podfile.lock\" \"${PODS_ROOT}/Manifest.lock\" > /dev/null\nif [ $? != 0 ] ; then\n    # print error to STDERR\n    echo \"error: The sandbox is not in sync with the Podfile.lock. Run 'pod install' or update your CocoaPods installation.\" >&2\n    exit 1\nfi\n# This output is used by Xcode 'outputs' to avoid re-running this script phase.\necho \"SUCCESS\" > \"${SCRIPT_OUTPUT_FILE_0}\"\n";
			showEnvVarsInLog = 0;
		};
		BC247A5E2190A5D200CF5431 /* Fonts */ = {
			isa = PBXShellScriptBuildPhase;
			buildActionMask = 2147483647;
			files = (
			);
			inputFileListPaths = (
			);
			inputPaths = (
			);
			name = Fonts;
			outputFileListPaths = (
			);
			outputPaths = (
			);
			runOnlyForDeploymentPostprocessing = 0;
			shellPath = /bin/sh;
			shellScript = "\"${SRCROOT}/starter/fonts.sh\" starter\n";
		};
		BC87449A2190A9CD0076B129 /* Linter */ = {
			isa = PBXShellScriptBuildPhase;
			buildActionMask = 2147483647;
			files = (
			);
			inputFileListPaths = (
			);
			inputPaths = (
			);
			name = Linter;
			outputFileListPaths = (
			);
			outputPaths = (
			);
			runOnlyForDeploymentPostprocessing = 0;
			shellPath = /bin/sh;
			shellScript = "\"${PODS_ROOT}/SwiftLint/swiftlint\"\n";
		};
		BC87449B2190AA7B0076B129 /* Fabric */ = {
			isa = PBXShellScriptBuildPhase;
			buildActionMask = 8;
			files = (
			);
			inputFileListPaths = (
			);
			inputPaths = (
			);
			name = Fabric;
			outputFileListPaths = (
			);
			outputPaths = (
			);
			runOnlyForDeploymentPostprocessing = 1;
			shellPath = /bin/sh;
			shellScript = "\"${PODS_ROOT}/Fabric/run\" ccc9a4b29aace08da39ee610ccaec1a7e062ff3a b1e06f2be16400aae9f78beb1b581973d3808477e4ef3364f819c4a3164cdecb\n";
		};
/* End PBXShellScriptBuildPhase section */

/* Begin PBXSourcesBuildPhase section */
		BC247A45219099A400CF5431 /* Sources */ = {
			isa = PBXSourcesBuildPhase;
			buildActionMask = 2147483647;
			files = (
				BCDFA41621920FAA007FB6AE /* RepositoryViewModel.swift in Sources */,
				BC30C6A621919B430021834B /* RepositoriesCoordinator.swift in Sources */,
				BC247A4D219099A400CF5431 /* AppDelegate.swift in Sources */,
				BC30C6982190E0010021834B /* Configuration.swift in Sources */,
				BC9EA3EF219388AA0096056F /* Action+Rx.swift in Sources */,
				BC9EA40121998AAC0096056F /* RealmRepository.swift in Sources */,
				BC9EA3FD219871600096056F /* DismissButtonDelegate.swift in Sources */,
				BC9C9BB42190DE8400AC87AF /* MoyaRepository.swift in Sources */,
				BC9EA4032199C6840096056F /* Realm+Rx.swift in Sources */,
				BC9EA4062199D5520096056F /* CachedRepository.swift in Sources */,
				BC30C69F2190E78D0021834B /* RepositoriesViewModel.swift in Sources */,
				BC30C6A42191905E0021834B /* AppCoordinator.swift in Sources */,
				BCDFA4182192168F007FB6AE /* RepositoriesCoordinatorDelegate.swift in Sources */,
				BC9EA3F42197BC5D0096056F /* NibViewProtocol.swift in Sources */,
				BC9EA40A2199F5470096056F /* DefaultAlamofireManager.swift in Sources */,
				BC49D1FE21C1E83D00BD56C9 /* GradientView.swift in Sources */,
				BC9EA3F6219831760096056F /* NibView.swift in Sources */,
				BC30C6AE2191A05B0021834B /* CoordinatorProtocol.swift in Sources */,
				BC9EA3E621931D5C0096056F /* UIScrollView+Rx.swift in Sources */,
				BC9EA4082199F42A0096056F /* NetworkActivityPlugin.swift in Sources */,
				BC9C9BAF2190DCD800AC87AF /* RepositoryProtocol.swift in Sources */,
				BC9C9BB22190DE6300AC87AF /* Repository.swift in Sources */,
				BC9EA3F1219437790096056F /* WKWebView+Rx.swift in Sources */,
				BC49D1FA21C1E7D300BD56C9 /* ThreadRunLoop.swift in Sources */,
				BC9EA3ED21937E350096056F /* ControllerAlertProtocol+Rx.swift in Sources */,
				BC9EA3E321924B5B0096056F /* ViewModel.swift in Sources */,
				BC30C6AC21919EC30021834B /* StoryboardProtocol.swift in Sources */,
				BC9EA3E021924AD00096056F /* BindableProtocol.swift in Sources */,
				BC30C6B52191BD5A0021834B /* RepositoryController.swift in Sources */,
				BC30C69D2190E71E0021834B /* RepositoriesController.swift in Sources */,
				BCDFA41421920951007FB6AE /* RepositoryControllerDelegate.swift in Sources */,
				BC9EA3FF219989AE0096056F /* Observable.swift in Sources */,
				BC49D20221C1E9D400BD56C9 /* Realm.swift in Sources */,
				BC49D20021C1E99C00BD56C9 /* Object+Rx.swift in Sources */,
				BC9EA3E82193711F0096056F /* ControllerAlertProtocol.swift in Sources */,
				BC9EA3F82198334E0096056F /* DismissButton.swift in Sources */,
				BCDFA4122191CAA5007FB6AE /* RepositoriesControllerDelegate.swift in Sources */,
				BC49D1FC21C1E7E100BD56C9 /* RunLoopScheduler.swift in Sources */,
			);
			runOnlyForDeploymentPostprocessing = 0;
		};
/* End PBXSourcesBuildPhase section */

/* Begin PBXVariantGroup section */
		BC247A55219099A500CF5431 /* LaunchScreen.storyboard */ = {
			isa = PBXVariantGroup;
			children = (
				BC247A56219099A500CF5431 /* Base */,
			);
			name = LaunchScreen.storyboard;
			sourceTree = "<group>";
		};
/* End PBXVariantGroup section */

/* Begin XCBuildConfiguration section */
		BC247A59219099A500CF5431 /* Debug */ = {
			isa = XCBuildConfiguration;
			buildSettings = {
				ALWAYS_SEARCH_USER_PATHS = NO;
				CLANG_ANALYZER_NONNULL = YES;
				CLANG_ANALYZER_NUMBER_OBJECT_CONVERSION = YES_AGGRESSIVE;
				CLANG_CXX_LANGUAGE_STANDARD = "gnu++14";
				CLANG_CXX_LIBRARY = "libc++";
				CLANG_ENABLE_MODULES = YES;
				CLANG_ENABLE_OBJC_ARC = YES;
				CLANG_ENABLE_OBJC_WEAK = YES;
				CLANG_WARN_BLOCK_CAPTURE_AUTORELEASING = YES;
				CLANG_WARN_BOOL_CONVERSION = YES;
				CLANG_WARN_COMMA = YES;
				CLANG_WARN_CONSTANT_CONVERSION = YES;
				CLANG_WARN_DEPRECATED_OBJC_IMPLEMENTATIONS = YES;
				CLANG_WARN_DIRECT_OBJC_ISA_USAGE = YES_ERROR;
				CLANG_WARN_DOCUMENTATION_COMMENTS = YES;
				CLANG_WARN_EMPTY_BODY = YES;
				CLANG_WARN_ENUM_CONVERSION = YES;
				CLANG_WARN_INFINITE_RECURSION = YES;
				CLANG_WARN_INT_CONVERSION = YES;
				CLANG_WARN_NON_LITERAL_NULL_CONVERSION = YES;
				CLANG_WARN_OBJC_IMPLICIT_RETAIN_SELF = YES;
				CLANG_WARN_OBJC_LITERAL_CONVERSION = YES;
				CLANG_WARN_OBJC_ROOT_CLASS = YES_ERROR;
				CLANG_WARN_RANGE_LOOP_ANALYSIS = YES;
				CLANG_WARN_STRICT_PROTOTYPES = YES;
				CLANG_WARN_SUSPICIOUS_MOVE = YES;
				CLANG_WARN_UNGUARDED_AVAILABILITY = YES_AGGRESSIVE;
				CLANG_WARN_UNREACHABLE_CODE = YES;
				CLANG_WARN__DUPLICATE_METHOD_MATCH = YES;
				CODE_SIGN_IDENTITY = "iPhone Developer";
				COPY_PHASE_STRIP = NO;
				DEBUG_INFORMATION_FORMAT = dwarf;
				ENABLE_STRICT_OBJC_MSGSEND = YES;
				ENABLE_TESTABILITY = YES;
				GCC_C_LANGUAGE_STANDARD = gnu11;
				GCC_DYNAMIC_NO_PIC = NO;
				GCC_NO_COMMON_BLOCKS = YES;
				GCC_OPTIMIZATION_LEVEL = 0;
				GCC_PREPROCESSOR_DEFINITIONS = (
					"DEBUG=1",
					"$(inherited)",
				);
				GCC_WARN_64_TO_32_BIT_CONVERSION = YES;
				GCC_WARN_ABOUT_RETURN_TYPE = YES_ERROR;
				GCC_WARN_UNDECLARED_SELECTOR = YES;
				GCC_WARN_UNINITIALIZED_AUTOS = YES_AGGRESSIVE;
				GCC_WARN_UNUSED_FUNCTION = YES;
				GCC_WARN_UNUSED_VARIABLE = YES;
				IPHONEOS_DEPLOYMENT_TARGET = 12.1;
				MTL_ENABLE_DEBUG_INFO = INCLUDE_SOURCE;
				MTL_FAST_MATH = YES;
				ONLY_ACTIVE_ARCH = YES;
				SDKROOT = iphoneos;
				SWIFT_ACTIVE_COMPILATION_CONDITIONS = DEBUG;
				SWIFT_OPTIMIZATION_LEVEL = "-Onone";
			};
			name = Debug;
		};
		BC247A5A219099A500CF5431 /* Release */ = {
			isa = XCBuildConfiguration;
			buildSettings = {
				ALWAYS_SEARCH_USER_PATHS = NO;
				CLANG_ANALYZER_NONNULL = YES;
				CLANG_ANALYZER_NUMBER_OBJECT_CONVERSION = YES_AGGRESSIVE;
				CLANG_CXX_LANGUAGE_STANDARD = "gnu++14";
				CLANG_CXX_LIBRARY = "libc++";
				CLANG_ENABLE_MODULES = YES;
				CLANG_ENABLE_OBJC_ARC = YES;
				CLANG_ENABLE_OBJC_WEAK = YES;
				CLANG_WARN_BLOCK_CAPTURE_AUTORELEASING = YES;
				CLANG_WARN_BOOL_CONVERSION = YES;
				CLANG_WARN_COMMA = YES;
				CLANG_WARN_CONSTANT_CONVERSION = YES;
				CLANG_WARN_DEPRECATED_OBJC_IMPLEMENTATIONS = YES;
				CLANG_WARN_DIRECT_OBJC_ISA_USAGE = YES_ERROR;
				CLANG_WARN_DOCUMENTATION_COMMENTS = YES;
				CLANG_WARN_EMPTY_BODY = YES;
				CLANG_WARN_ENUM_CONVERSION = YES;
				CLANG_WARN_INFINITE_RECURSION = YES;
				CLANG_WARN_INT_CONVERSION = YES;
				CLANG_WARN_NON_LITERAL_NULL_CONVERSION = YES;
				CLANG_WARN_OBJC_IMPLICIT_RETAIN_SELF = YES;
				CLANG_WARN_OBJC_LITERAL_CONVERSION = YES;
				CLANG_WARN_OBJC_ROOT_CLASS = YES_ERROR;
				CLANG_WARN_RANGE_LOOP_ANALYSIS = YES;
				CLANG_WARN_STRICT_PROTOTYPES = YES;
				CLANG_WARN_SUSPICIOUS_MOVE = YES;
				CLANG_WARN_UNGUARDED_AVAILABILITY = YES_AGGRESSIVE;
				CLANG_WARN_UNREACHABLE_CODE = YES;
				CLANG_WARN__DUPLICATE_METHOD_MATCH = YES;
				CODE_SIGN_IDENTITY = "iPhone Developer";
				COPY_PHASE_STRIP = NO;
				DEBUG_INFORMATION_FORMAT = "dwarf-with-dsym";
				ENABLE_NS_ASSERTIONS = NO;
				ENABLE_STRICT_OBJC_MSGSEND = YES;
				GCC_C_LANGUAGE_STANDARD = gnu11;
				GCC_NO_COMMON_BLOCKS = YES;
				GCC_WARN_64_TO_32_BIT_CONVERSION = YES;
				GCC_WARN_ABOUT_RETURN_TYPE = YES_ERROR;
				GCC_WARN_UNDECLARED_SELECTOR = YES;
				GCC_WARN_UNINITIALIZED_AUTOS = YES_AGGRESSIVE;
				GCC_WARN_UNUSED_FUNCTION = YES;
				GCC_WARN_UNUSED_VARIABLE = YES;
				IPHONEOS_DEPLOYMENT_TARGET = 12.1;
				MTL_ENABLE_DEBUG_INFO = NO;
				MTL_FAST_MATH = YES;
				SDKROOT = iphoneos;
				SWIFT_COMPILATION_MODE = wholemodule;
				SWIFT_OPTIMIZATION_LEVEL = "-O";
				VALIDATE_PRODUCT = YES;
			};
			name = Release;
		};
		BC247A5C219099A500CF5431 /* Debug */ = {
			isa = XCBuildConfiguration;
			baseConfigurationReference = 28B0CDACB95E5252100D676C /* Pods-starter.debug.xcconfig */;
			buildSettings = {
				API_URL = "https://api.github.com";
				ASSETCATALOG_COMPILER_APPICON_NAME = AppIcon;
				CODE_SIGN_STYLE = Manual;
				CURRENT_PROJECT_VERSION = 14;
				DEVELOPMENT_TEAM = KRJR26S2CZ;
				INFOPLIST_FILE = starter/Info.plist;
				LD_RUNPATH_SEARCH_PATHS = (
					"$(inherited)",
					"@executable_path/Frameworks",
				);
				PRODUCT_BUNDLE_IDENTIFIER = com.company.starter;
				PRODUCT_NAME = "$(TARGET_NAME)";
				PROVISIONING_PROFILE_SPECIFIER = "match Development com.company.starter";
				SWIFT_VERSION = 4.2;
				TARGETED_DEVICE_FAMILY = "1,2";
				VERSIONING_SYSTEM = "apple-generic";
			};
			name = Debug;
		};
		BC247A5D219099A500CF5431 /* Release */ = {
			isa = XCBuildConfiguration;
			baseConfigurationReference = 1099E12A0F64FC50C7A72D60 /* Pods-starter.release.xcconfig */;
			buildSettings = {
				API_URL = "https://api.github.com";
				ASSETCATALOG_COMPILER_APPICON_NAME = AppIcon;
				CODE_SIGN_IDENTITY = "iPhone Distribution";
				CODE_SIGN_STYLE = Manual;
				CURRENT_PROJECT_VERSION = 14;
				DEVELOPMENT_TEAM = KRJR26S2CZ;
				INFOPLIST_FILE = starter/Info.plist;
				LD_RUNPATH_SEARCH_PATHS = (
					"$(inherited)",
					"@executable_path/Frameworks",
				);
				PRODUCT_BUNDLE_IDENTIFIER = com.company.starter;
				PRODUCT_NAME = "$(TARGET_NAME)";
				PROVISIONING_PROFILE_SPECIFIER = "match AppStore com.company.starter";
				SWIFT_VERSION = 4.2;
				TARGETED_DEVICE_FAMILY = "1,2";
				VERSIONING_SYSTEM = "apple-generic";
			};
			name = Release;
		};
/* End XCBuildConfiguration section */

/* Begin XCConfigurationList section */
		BC247A44219099A400CF5431 /* Build configuration list for PBXProject "starter" */ = {
			isa = XCConfigurationList;
			buildConfigurations = (
				BC247A59219099A500CF5431 /* Debug */,
				BC247A5A219099A500CF5431 /* Release */,
			);
			defaultConfigurationIsVisible = 0;
			defaultConfigurationName = Release;
		};
		BC247A5B219099A500CF5431 /* Build configuration list for PBXNativeTarget "starter" */ = {
			isa = XCConfigurationList;
			buildConfigurations = (
				BC247A5C219099A500CF5431 /* Debug */,
				BC247A5D219099A500CF5431 /* Release */,
			);
			defaultConfigurationIsVisible = 0;
			defaultConfigurationName = Release;
		};
/* End XCConfigurationList section */
	};
	rootObject = BC247A41219099A400CF5431 /* Project object */;
}
